
Microsoft Visual Studio Solution File, Format Version 12.00
# Visual Studio 2012
Project("{FAE04EC0-301F-11D3-BF4B-00C04F79EFBC}") = "FirstFollow", "FirstFollow\FirstFollow.csproj", "{FD734BB6-1E91-4561-8893-B947F5DB2358}"
EndProject
Global
	GlobalSection(SolutionConfigurationPlatforms) = preSolution
		Debug|x86 = Debug|x86
		Release|x86 = Release|x86
	EndGlobalSection
	GlobalSection(ProjectConfigurationPlatforms) = postSolution
		{FD734BB6-1E91-4561-8893-B947F5DB2358}.Debug|x86.ActiveCfg = Debug|x86
		{FD734BB6-1E91-4561-8893-B947F5DB2358}.Debug|x86.Build.0 = Debug|x86
		{FD734BB6-1E91-4561-8893-B947F5DB2358}.Release|x86.ActiveCfg = Release|x86
		{FD734BB6-1E91-4561-8893-B947F5DB2358}.Release|x86.Build.0 = Release|x86
	EndGlobalSection
EndGlobal
